
Microsoft Visual Studio Solution File, Format Version 12.00
# Visual Studio Version 16
VisualStudioVersion = 16.0.30503.244
MinimumVisualStudioVersion = 10.0.40219.1
Project("{9A19103F-16F7-4668-BE54-9A1E7A4F7556}") = "Task02", "Task02\Task02.csproj", "{80895BA4-F07D-41E2-BF8D-AA273B3786A2}"
EndProject
Project("{9A19103F-16F7-4668-BE54-9A1E7A4F7556}") = "Task01", "Task01\Task01.csproj", "{272A1153-DFF0-40E1-9BBE-CA8CF8D898F4}"
EndProject
Project("{9A19103F-16F7-4668-BE54-9A1E7A4F7556}") = "Task03", "Task03\Task03.csproj", "{88D9568C-C805-4CC2-9DE5-0EF78E7C886D}"
EndProject
Project("{9A19103F-16F7-4668-BE54-9A1E7A4F7556}") = "Task04", "Task04\Task04.csproj", "{2F204D7A-6013-47EA-8776-06B79B840C35}"
EndProject
Project("{9A19103F-16F7-4668-BE54-9A1E7A4F7556}") = "Task05", "Task05\Task05.csproj", "{1BFAAF34-81CE-451D-A6C8-ED3ED053BADD}"
EndProject
Project("{9A19103F-16F7-4668-BE54-9A1E7A4F7556}") = "Task06", "Task06\Task06.csproj", "{02EECB2C-183F-4A55-A42B-96AA0B791EA8}"
EndProject
Project("{9A19103F-16F7-4668-BE54-9A1E7A4F7556}") = "Task07", "Task07\Task07.csproj", "{95D6BD79-5186-4984-A1A0-D3F8BA8FA43D}"
EndProject
Project("{9A19103F-16F7-4668-BE54-9A1E7A4F7556}") = "Task08", "Task08\Task08.csproj", "{D0C7A565-CD42-4A02-AEA8-BDCD914B9744}"
EndProject
Project("{9A19103F-16F7-4668-BE54-9A1E7A4F7556}") = "Task09", "Task09\Task09.csproj", "{09DB6A70-592C-455B-BEB5-7890CB3ADC65}"
EndProject
Project("{9A19103F-16F7-4668-BE54-9A1E7A4F7556}") = "EmailChecker", "EmailChecker\EmailChecker.csproj", "{849C67AC-80E2-46F5-92D8-6324A351BBE6}"
EndProject
Project("{9A19103F-16F7-4668-BE54-9A1E7A4F7556}") = "Task10", "Task10\Task10.csproj", "{58201337-76D9-41BC-B062-3B49555DA059}"
EndProject
Project("{FAE04EC0-301F-11D3-BF4B-00C04F79EFBC}") = "Task12", "Task12\Task12.csproj", "{1FC957EA-1743-464C-8765-8ADC6E56FA73}"
EndProject
Global
	GlobalSection(SolutionConfigurationPlatforms) = preSolution
		Debug|Any CPU = Debug|Any CPU
		Release|Any CPU = Release|Any CPU
	EndGlobalSection
	GlobalSection(ProjectConfigurationPlatforms) = postSolution
		{80895BA4-F07D-41E2-BF8D-AA273B3786A2}.Debug|Any CPU.ActiveCfg = Debug|Any CPU
		{80895BA4-F07D-41E2-BF8D-AA273B3786A2}.Debug|Any CPU.Build.0 = Debug|Any CPU
		{80895BA4-F07D-41E2-BF8D-AA273B3786A2}.Release|Any CPU.ActiveCfg = Release|Any CPU
		{80895BA4-F07D-41E2-BF8D-AA273B3786A2}.Release|Any CPU.Build.0 = Release|Any CPU
		{272A1153-DFF0-40E1-9BBE-CA8CF8D898F4}.Debug|Any CPU.ActiveCfg = Debug|Any CPU
		{272A1153-DFF0-40E1-9BBE-CA8CF8D898F4}.Debug|Any CPU.Build.0 = Debug|Any CPU
		{272A1153-DFF0-40E1-9BBE-CA8CF8D898F4}.Release|Any CPU.ActiveCfg = Release|Any CPU
		{272A1153-DFF0-40E1-9BBE-CA8CF8D898F4}.Release|Any CPU.Build.0 = Release|Any CPU
		{88D9568C-C805-4CC2-9DE5-0EF78E7C886D}.Debug|Any CPU.ActiveCfg = Debug|Any CPU
		{88D9568C-C805-4CC2-9DE5-0EF78E7C886D}.Debug|Any CPU.Build.0 = Debug|Any CPU
		{88D9568C-C805-4CC2-9DE5-0EF78E7C886D}.Release|Any CPU.ActiveCfg = Release|Any CPU
		{88D9568C-C805-4CC2-9DE5-0EF78E7C886D}.Release|Any CPU.Build.0 = Release|Any CPU
		{2F204D7A-6013-47EA-8776-06B79B840C35}.Debug|Any CPU.ActiveCfg = Debug|Any CPU
		{2F204D7A-6013-47EA-8776-06B79B840C35}.Debug|Any CPU.Build.0 = Debug|Any CPU
		{2F204D7A-6013-47EA-8776-06B79B840C35}.Release|Any CPU.ActiveCfg = Release|Any CPU
		{2F204D7A-6013-47EA-8776-06B79B840C35}.Release|Any CPU.Build.0 = Release|Any CPU
		{1BFAAF34-81CE-451D-A6C8-ED3ED053BADD}.Debug|Any CPU.ActiveCfg = Debug|Any CPU
		{1BFAAF34-81CE-451D-A6C8-ED3ED053BADD}.Debug|Any CPU.Build.0 = Debug|Any CPU
		{1BFAAF34-81CE-451D-A6C8-ED3ED053BADD}.Release|Any CPU.ActiveCfg = Release|Any CPU
		{1BFAAF34-81CE-451D-A6C8-ED3ED053BADD}.Release|Any CPU.Build.0 = Release|Any CPU
		{02EECB2C-183F-4A55-A42B-96AA0B791EA8}.Debug|Any CPU.ActiveCfg = Debug|Any CPU
		{02EECB2C-183F-4A55-A42B-96AA0B791EA8}.Debug|Any CPU.Build.0 = Debug|Any CPU
		{02EECB2C-183F-4A55-A42B-96AA0B791EA8}.Release|Any CPU.ActiveCfg = Release|Any CPU
		{02EECB2C-183F-4A55-A42B-96AA0B791EA8}.Release|Any CPU.Build.0 = Release|Any CPU
		{95D6BD79-5186-4984-A1A0-D3F8BA8FA43D}.Debug|Any CPU.ActiveCfg = Debug|Any CPU
		{95D6BD79-5186-4984-A1A0-D3F8BA8FA43D}.Debug|Any CPU.Build.0 = Debug|Any CPU
		{95D6BD79-5186-4984-A1A0-D3F8BA8FA43D}.Release|Any CPU.ActiveCfg = Release|Any CPU
		{95D6BD79-5186-4984-A1A0-D3F8BA8FA43D}.Release|Any CPU.Build.0 = Release|Any CPU
		{D0C7A565-CD42-4A02-AEA8-BDCD914B9744}.Debug|Any CPU.ActiveCfg = Debug|Any CPU
		{D0C7A565-CD42-4A02-AEA8-BDCD914B9744}.Debug|Any CPU.Build.0 = Debug|Any CPU
		{D0C7A565-CD42-4A02-AEA8-BDCD914B9744}.Release|Any CPU.ActiveCfg = Release|Any CPU
		{D0C7A565-CD42-4A02-AEA8-BDCD914B9744}.Release|Any CPU.Build.0 = Release|Any CPU
		{09DB6A70-592C-455B-BEB5-7890CB3ADC65}.Debug|Any CPU.ActiveCfg = Debug|Any CPU
		{09DB6A70-592C-455B-BEB5-7890CB3ADC65}.Debug|Any CPU.Build.0 = Debug|Any CPU
		{09DB6A70-592C-455B-BEB5-7890CB3ADC65}.Release|Any CPU.ActiveCfg = Release|Any CPU
		{09DB6A70-592C-455B-BEB5-7890CB3ADC65}.Release|Any CPU.Build.0 = Release|Any CPU
		{849C67AC-80E2-46F5-92D8-6324A351BBE6}.Debug|Any CPU.ActiveCfg = Debug|Any CPU
		{849C67AC-80E2-46F5-92D8-6324A351BBE6}.Debug|Any CPU.Build.0 = Debug|Any CPU
		{849C67AC-80E2-46F5-92D8-6324A351BBE6}.Release|Any CPU.ActiveCfg = Release|Any CPU
		{849C67AC-80E2-46F5-92D8-6324A351BBE6}.Release|Any CPU.Build.0 = Release|Any CPU
		{58201337-76D9-41BC-B062-3B49555DA059}.Debug|Any CPU.ActiveCfg = Debug|Any CPU
		{58201337-76D9-41BC-B062-3B49555DA059}.Debug|Any CPU.Build.0 = Debug|Any CPU
		{58201337-76D9-41BC-B062-3B49555DA059}.Release|Any CPU.ActiveCfg = Release|Any CPU
		{58201337-76D9-41BC-B062-3B49555DA059}.Release|Any CPU.Build.0 = Release|Any CPU
		{1FC957EA-1743-464C-8765-8ADC6E56FA73}.Debug|Any CPU.ActiveCfg = Debug|Any CPU
		{1FC957EA-1743-464C-8765-8ADC6E56FA73}.Debug|Any CPU.Build.0 = Debug|Any CPU
		{1FC957EA-1743-464C-8765-8ADC6E56FA73}.Release|Any CPU.ActiveCfg = Release|Any CPU
		{1FC957EA-1743-464C-8765-8ADC6E56FA73}.Release|Any CPU.Build.0 = Release|Any CPU
	EndGlobalSection
	GlobalSection(SolutionProperties) = preSolution
		HideSolutionNode = FALSE
	EndGlobalSection
	GlobalSection(ExtensibilityGlobals) = postSolution
		SolutionGuid = {4859F6DA-BB67-4A2E-8D62-FD820E9A36C2}
	EndGlobalSection
EndGlobal
